
Microsoft Visual Studio Solution File, Format Version 12.00
# Visual Studio Version 17
VisualStudioVersion = 17.10.35004.147
MinimumVisualStudioVersion = 10.0.40219.1
Project("{9A19103F-16F7-4668-BE54-9A1E7A4F7556}") = "RangeTask", "RangeTask\RangeTask.csproj", "{D2D4F637-C5CD-4ED6-A261-4FDB71BE40E7}"
EndProject
Project("{9A19103F-16F7-4668-BE54-9A1E7A4F7556}") = "ShapesTask", "ShapesTask\ShapesTask.csproj", "{F6613C10-9E3B-4861-9E67-CE6CEC47CEA6}"
EndProject
Project("{9A19103F-16F7-4668-BE54-9A1E7A4F7556}") = "VectorTask", "VectorTask\VectorTask.csproj", "{76DAA55C-329F-4D3D-84BF-566A9E91D055}"
EndProject
Project("{9A19103F-16F7-4668-BE54-9A1E7A4F7556}") = "MatrixTask", "MatrixTask\MatrixTask.csproj", "{5AA7F6A6-8167-42AB-BBC3-043139A01534}"
EndProject
Project("{9A19103F-16F7-4668-BE54-9A1E7A4F7556}") = "CsvTask", "CsvTask\CsvTask.csproj", "{C0B852D3-B4BA-4DAD-A075-F24BBFF59F4A}"
EndProject
Project("{9A19103F-16F7-4668-BE54-9A1E7A4F7556}") = "ListTask", "ListTask\ListTask.csproj", "{0D5F7E5A-214F-43F7-8350-6EDBD39E5C35}"
EndProject
Project("{9A19103F-16F7-4668-BE54-9A1E7A4F7556}") = "ArrayListHomeTask", "ArrayListHomeTask\ArrayListHomeTask.csproj", "{33287AAC-5CE7-4B87-844C-EFCDD6681931}"
EndProject
Project("{9A19103F-16F7-4668-BE54-9A1E7A4F7556}") = "ArrayListTask", "ArrayListTask\ArrayListTask.csproj", "{136104E4-B647-4B06-82EF-F48BD90E869F}"
EndProject
Project("{9A19103F-16F7-4668-BE54-9A1E7A4F7556}") = "LambdasTask", "LambdasTask\LambdasTask.csproj", "{E1C01496-6C4A-4D2F-BCDF-1534850CF174}"
EndProject
Project("{9A19103F-16F7-4668-BE54-9A1E7A4F7556}") = "GraphTask", "GraphTask\GraphTask.csproj", "{0F8F21F1-E708-4503-A1D9-77AF861796AA}"
EndProject
Project("{9A19103F-16F7-4668-BE54-9A1E7A4F7556}") = "HashTableTask", "HashTableTask\HashTableTask.csproj", "{41B41EA5-1C19-42D8-BA6F-EB90F4284290}"
EndProject
Project("{9A19103F-16F7-4668-BE54-9A1E7A4F7556}") = "TreeTask", "TreeTask\TreeTask.csproj", "{1D57E6C9-66C5-46B9-A269-F2F0E1278707}"
EndProject
Project("{FAE04EC0-301F-11D3-BF4B-00C04F79EFBC}") = "TemperatureTask", "TemperatureTask\TemperatureTask.csproj", "{427FE7D7-EF9C-4C60-9532-F731D57B6AD3}"
EndProject
Global
	GlobalSection(SolutionConfigurationPlatforms) = preSolution
		Debug|Any CPU = Debug|Any CPU
		Release|Any CPU = Release|Any CPU
	EndGlobalSection
	GlobalSection(ProjectConfigurationPlatforms) = postSolution
		{D2D4F637-C5CD-4ED6-A261-4FDB71BE40E7}.Debug|Any CPU.ActiveCfg = Debug|Any CPU
		{D2D4F637-C5CD-4ED6-A261-4FDB71BE40E7}.Debug|Any CPU.Build.0 = Debug|Any CPU
		{D2D4F637-C5CD-4ED6-A261-4FDB71BE40E7}.Release|Any CPU.ActiveCfg = Release|Any CPU
		{D2D4F637-C5CD-4ED6-A261-4FDB71BE40E7}.Release|Any CPU.Build.0 = Release|Any CPU
		{F6613C10-9E3B-4861-9E67-CE6CEC47CEA6}.Debug|Any CPU.ActiveCfg = Debug|Any CPU
		{F6613C10-9E3B-4861-9E67-CE6CEC47CEA6}.Debug|Any CPU.Build.0 = Debug|Any CPU
		{F6613C10-9E3B-4861-9E67-CE6CEC47CEA6}.Release|Any CPU.ActiveCfg = Release|Any CPU
		{F6613C10-9E3B-4861-9E67-CE6CEC47CEA6}.Release|Any CPU.Build.0 = Release|Any CPU
		{76DAA55C-329F-4D3D-84BF-566A9E91D055}.Debug|Any CPU.ActiveCfg = Debug|Any CPU
		{76DAA55C-329F-4D3D-84BF-566A9E91D055}.Debug|Any CPU.Build.0 = Debug|Any CPU
		{76DAA55C-329F-4D3D-84BF-566A9E91D055}.Release|Any CPU.ActiveCfg = Release|Any CPU
		{76DAA55C-329F-4D3D-84BF-566A9E91D055}.Release|Any CPU.Build.0 = Release|Any CPU
		{5AA7F6A6-8167-42AB-BBC3-043139A01534}.Debug|Any CPU.ActiveCfg = Debug|Any CPU
		{5AA7F6A6-8167-42AB-BBC3-043139A01534}.Debug|Any CPU.Build.0 = Debug|Any CPU
		{5AA7F6A6-8167-42AB-BBC3-043139A01534}.Release|Any CPU.ActiveCfg = Release|Any CPU
		{5AA7F6A6-8167-42AB-BBC3-043139A01534}.Release|Any CPU.Build.0 = Release|Any CPU
		{C0B852D3-B4BA-4DAD-A075-F24BBFF59F4A}.Debug|Any CPU.ActiveCfg = Debug|Any CPU
		{C0B852D3-B4BA-4DAD-A075-F24BBFF59F4A}.Debug|Any CPU.Build.0 = Debug|Any CPU
		{C0B852D3-B4BA-4DAD-A075-F24BBFF59F4A}.Release|Any CPU.ActiveCfg = Release|Any CPU
		{C0B852D3-B4BA-4DAD-A075-F24BBFF59F4A}.Release|Any CPU.Build.0 = Release|Any CPU
		{0D5F7E5A-214F-43F7-8350-6EDBD39E5C35}.Debug|Any CPU.ActiveCfg = Debug|Any CPU
		{0D5F7E5A-214F-43F7-8350-6EDBD39E5C35}.Debug|Any CPU.Build.0 = Debug|Any CPU
		{0D5F7E5A-214F-43F7-8350-6EDBD39E5C35}.Release|Any CPU.ActiveCfg = Release|Any CPU
		{0D5F7E5A-214F-43F7-8350-6EDBD39E5C35}.Release|Any CPU.Build.0 = Release|Any CPU
		{33287AAC-5CE7-4B87-844C-EFCDD6681931}.Debug|Any CPU.ActiveCfg = Debug|Any CPU
		{33287AAC-5CE7-4B87-844C-EFCDD6681931}.Debug|Any CPU.Build.0 = Debug|Any CPU
		{33287AAC-5CE7-4B87-844C-EFCDD6681931}.Release|Any CPU.ActiveCfg = Release|Any CPU
		{33287AAC-5CE7-4B87-844C-EFCDD6681931}.Release|Any CPU.Build.0 = Release|Any CPU
		{136104E4-B647-4B06-82EF-F48BD90E869F}.Debug|Any CPU.ActiveCfg = Debug|Any CPU
		{136104E4-B647-4B06-82EF-F48BD90E869F}.Debug|Any CPU.Build.0 = Debug|Any CPU
		{136104E4-B647-4B06-82EF-F48BD90E869F}.Release|Any CPU.ActiveCfg = Release|Any CPU
		{136104E4-B647-4B06-82EF-F48BD90E869F}.Release|Any CPU.Build.0 = Release|Any CPU
		{E1C01496-6C4A-4D2F-BCDF-1534850CF174}.Debug|Any CPU.ActiveCfg = Debug|Any CPU
		{E1C01496-6C4A-4D2F-BCDF-1534850CF174}.Debug|Any CPU.Build.0 = Debug|Any CPU
		{E1C01496-6C4A-4D2F-BCDF-1534850CF174}.Release|Any CPU.ActiveCfg = Release|Any CPU
		{E1C01496-6C4A-4D2F-BCDF-1534850CF174}.Release|Any CPU.Build.0 = Release|Any CPU
		{0F8F21F1-E708-4503-A1D9-77AF861796AA}.Debug|Any CPU.ActiveCfg = Debug|Any CPU
		{0F8F21F1-E708-4503-A1D9-77AF861796AA}.Debug|Any CPU.Build.0 = Debug|Any CPU
		{0F8F21F1-E708-4503-A1D9-77AF861796AA}.Release|Any CPU.ActiveCfg = Release|Any CPU
		{0F8F21F1-E708-4503-A1D9-77AF861796AA}.Release|Any CPU.Build.0 = Release|Any CPU
		{41B41EA5-1C19-42D8-BA6F-EB90F4284290}.Debug|Any CPU.ActiveCfg = Debug|Any CPU
		{41B41EA5-1C19-42D8-BA6F-EB90F4284290}.Debug|Any CPU.Build.0 = Debug|Any CPU
		{41B41EA5-1C19-42D8-BA6F-EB90F4284290}.Release|Any CPU.ActiveCfg = Release|Any CPU
		{41B41EA5-1C19-42D8-BA6F-EB90F4284290}.Release|Any CPU.Build.0 = Release|Any CPU
		{1D57E6C9-66C5-46B9-A269-F2F0E1278707}.Debug|Any CPU.ActiveCfg = Debug|Any CPU
		{1D57E6C9-66C5-46B9-A269-F2F0E1278707}.Debug|Any CPU.Build.0 = Debug|Any CPU
		{1D57E6C9-66C5-46B9-A269-F2F0E1278707}.Release|Any CPU.ActiveCfg = Release|Any CPU
		{1D57E6C9-66C5-46B9-A269-F2F0E1278707}.Release|Any CPU.Build.0 = Release|Any CPU
		{427FE7D7-EF9C-4C60-9532-F731D57B6AD3}.Debug|Any CPU.ActiveCfg = Debug|Any CPU
		{427FE7D7-EF9C-4C60-9532-F731D57B6AD3}.Debug|Any CPU.Build.0 = Debug|Any CPU
		{427FE7D7-EF9C-4C60-9532-F731D57B6AD3}.Release|Any CPU.ActiveCfg = Release|Any CPU
		{427FE7D7-EF9C-4C60-9532-F731D57B6AD3}.Release|Any CPU.Build.0 = Release|Any CPU
	EndGlobalSection
	GlobalSection(SolutionProperties) = preSolution
		HideSolutionNode = FALSE
	EndGlobalSection
	GlobalSection(ExtensibilityGlobals) = postSolution
		SolutionGuid = {12526A5C-36EB-474B-B913-6B9C32EC46C6}
	EndGlobalSection
EndGlobal
