
Microsoft Visual Studio Solution File, Format Version 12.00
# Visual Studio Version 17
VisualStudioVersion = 17.10.35004.147
MinimumVisualStudioVersion = 10.0.40219.1
Project("{9A19103F-16F7-4668-BE54-9A1E7A4F7556}") = "RangeTask", "RangeTask\RangeTask.csproj", "{D2D4F637-C5CD-4ED6-A261-4FDB71BE40E7}"
EndProject
Global
	GlobalSection(SolutionConfigurationPlatforms) = preSolution
		Debug|Any CPU = Debug|Any CPU
		Release|Any CPU = Release|Any CPU
	EndGlobalSection
	GlobalSection(ProjectConfigurationPlatforms) = postSolution
		{D2D4F637-C5CD-4ED6-A261-4FDB71BE40E7}.Debug|Any CPU.ActiveCfg = Debug|Any CPU
		{D2D4F637-C5CD-4ED6-A261-4FDB71BE40E7}.Debug|Any CPU.Build.0 = Debug|Any CPU
		{D2D4F637-C5CD-4ED6-A261-4FDB71BE40E7}.Release|Any CPU.ActiveCfg = Release|Any CPU
		{D2D4F637-C5CD-4ED6-A261-4FDB71BE40E7}.Release|Any CPU.Build.0 = Release|Any CPU
	EndGlobalSection
	GlobalSection(SolutionProperties) = preSolution
		HideSolutionNode = FALSE
	EndGlobalSection
	GlobalSection(ExtensibilityGlobals) = postSolution
		SolutionGuid = {12526A5C-36EB-474B-B913-6B9C32EC46C6}
	EndGlobalSection
EndGlobal
